
Microsoft Visual Studio Solution File, Format Version 12.00
# Visual Studio Version 16
VisualStudioVersion = 16.0.31019.35
MinimumVisualStudioVersion = 10.0.40219.1
Project("{FAE04EC0-301F-11D3-BF4B-00C04F79EFBC}") = "MUFGCircleService", "MUFGCircleService\MUFGCircleService.csproj", "{0D7C6876-26CE-4769-B7E3-7ECF948F7E71}"
EndProject
Global
	GlobalSection(SolutionConfigurationPlatforms) = preSolution
		Debug|Any CPU = Debug|Any CPU
		Release|Any CPU = Release|Any CPU
	EndGlobalSection
	GlobalSection(ProjectConfigurationPlatforms) = postSolution
		{0D7C6876-26CE-4769-B7E3-7ECF948F7E71}.Debug|Any CPU.ActiveCfg = Debug|Any CPU
		{0D7C6876-26CE-4769-B7E3-7ECF948F7E71}.Debug|Any CPU.Build.0 = Debug|Any CPU
		{0D7C6876-26CE-4769-B7E3-7ECF948F7E71}.Release|Any CPU.ActiveCfg = Release|Any CPU
		{0D7C6876-26CE-4769-B7E3-7ECF948F7E71}.Release|Any CPU.Build.0 = Release|Any CPU
	EndGlobalSection
	GlobalSection(SolutionProperties) = preSolution
		HideSolutionNode = FALSE
	EndGlobalSection
	GlobalSection(ExtensibilityGlobals) = postSolution
		SolutionGuid = {DA0F8766-E579-4571-9946-B6F4A7FDD81C}
	EndGlobalSection
EndGlobal
